
Microsoft Visual Studio Solution File, Format Version 12.00
# Visual Studio 15
VisualStudioVersion = 15.0.27130.2003
MinimumVisualStudioVersion = 10.0.40219.1
Project("{FAE04EC0-301F-11D3-BF4B-00C04F79EFBC}") = "MB_AddonUpdater", "MB_AddonUpdater\MB_AddonUpdater.csproj", "{78780BC7-253B-4B65-A70D-7756C330093C}"
EndProject
Global
	GlobalSection(SolutionConfigurationPlatforms) = preSolution
		Debug|Any CPU = Debug|Any CPU
		Release|Any CPU = Release|Any CPU
	EndGlobalSection
	GlobalSection(ProjectConfigurationPlatforms) = postSolution
		{78780BC7-253B-4B65-A70D-7756C330093C}.Debug|Any CPU.ActiveCfg = Debug|Any CPU
		{78780BC7-253B-4B65-A70D-7756C330093C}.Debug|Any CPU.Build.0 = Debug|Any CPU
		{78780BC7-253B-4B65-A70D-7756C330093C}.Release|Any CPU.ActiveCfg = Release|Any CPU
		{78780BC7-253B-4B65-A70D-7756C330093C}.Release|Any CPU.Build.0 = Release|Any CPU
	EndGlobalSection
	GlobalSection(SolutionProperties) = preSolution
		HideSolutionNode = FALSE
	EndGlobalSection
	GlobalSection(ExtensibilityGlobals) = postSolution
		SolutionGuid = {05F28E39-C22B-4C52-83B1-C77D8638648D}
	EndGlobalSection
EndGlobal
